// !$*UTF8*$!
{
	archiveVersion = 1;
	classes = {
	};
	objectVersion = 77;
	objects = {

/* Begin PBXBuildFile section */
		14C812782DEA423E00D36549 /* FirebaseAnalytics in Frameworks */ = {isa = PBXBuildFile; productRef = 14C812772DEA423E00D36549 /* FirebaseAnalytics */; };
		14C8127A2DEA423E00D36549 /* FirebaseAuth in Frameworks */ = {isa = PBXBuildFile; productRef = 14C812792DEA423E00D36549 /* FirebaseAuth */; };
		14C8127C2DEA423E00D36549 /* FirebaseFirestore in Frameworks */ = {isa = PBXBuildFile; productRef = 14C8127B2DEA423E00D36549 /* FirebaseFirestore */; };
		14C8127F2DEA426900D36549 /* MockReaderUI in Frameworks */ = {isa = PBXBuildFile; productRef = 14C8127E2DEA426900D36549 /* MockReaderUI */; };
		14C812812DEA426900D36549 /* SquareMobilePaymentsSDK in Frameworks */ = {isa = PBXBuildFile; productRef = 14C812802DEA426900D36549 /* SquareMobilePaymentsSDK */; };
		14C812E02DEBBCF400D36549 /* CoreLocation.framework in Frameworks */ = {isa = PBXBuildFile; fileRef = 14C812DF2DEBBCF400D36549 /* CoreLocation.framework */; };
/* End PBXBuildFile section */

/* Begin PBXFileReference section */
		14C812452DEA3FC000D36549 /* POTE.app */ = {isa = PBXFileReference; explicitFileType = wrapper.application; includeInIndex = 0; path = POTE.app; sourceTree = BUILT_PRODUCTS_DIR; };
		14C812DF2DEBBCF400D36549 /* CoreLocation.framework */ = {isa = PBXFileReference; lastKnownFileType = wrapper.framework; name = CoreLocation.framework; path = System/Library/Frameworks/CoreLocation.framework; sourceTree = SDKROOT; };
/* End PBXFileReference section */

/* Begin PBXFileSystemSynchronizedBuildFileExceptionSet section */
		14C812C62DEA5A9400D36549 /* Exceptions for "POTE" folder in "POTE" target */ = {
			isa = PBXFileSystemSynchronizedBuildFileExceptionSet;
			membershipExceptions = (
				Info.Plist,
			);
			target = 14C812442DEA3FC000D36549 /* POTE */;
		};
/* End PBXFileSystemSynchronizedBuildFileExceptionSet section */

/* Begin PBXFileSystemSynchronizedRootGroup section */
		14C812A32DEA499400D36549 /* POTE */ = {
			isa = PBXFileSystemSynchronizedRootGroup;
			exceptions = (
				14C812C62DEA5A9400D36549 /* Exceptions for "POTE" folder in "POTE" target */,
			);
			path = POTE;
			sourceTree = "<group>";
		};
/* End PBXFileSystemSynchronizedRootGroup section */

/* Begin PBXFrameworksBuildPhase section */
		14C812422DEA3FC000D36549 /* Frameworks */ = {
			isa = PBXFrameworksBuildPhase;
			buildActionMask = 2147483647;
			files = (
				14C812E02DEBBCF400D36549 /* CoreLocation.framework in Frameworks */,
				14C812782DEA423E00D36549 /* FirebaseAnalytics in Frameworks */,
				14C812812DEA426900D36549 /* SquareMobilePaymentsSDK in Frameworks */,
				14C8127A2DEA423E00D36549 /* FirebaseAuth in Frameworks */,
				14C8127C2DEA423E00D36549 /* FirebaseFirestore in Frameworks */,
				14C8127F2DEA426900D36549 /* MockReaderUI in Frameworks */,
			);
			runOnlyForDeploymentPostprocessing = 0;
		};
/* End PBXFrameworksBuildPhase section */

/* Begin PBXGroup section */
		14C8123C2DEA3FC000D36549 = {
			isa = PBXGroup;
			children = (
				14C812A32DEA499400D36549 /* POTE */,
				14C812DE2DEBBCF300D36549 /* Frameworks */,
				14C812462DEA3FC000D36549 /* Products */,
			);
			sourceTree = "<group>";
		};
		14C812462DEA3FC000D36549 /* Products */ = {
			isa = PBXGroup;
			children = (
				14C812452DEA3FC000D36549 /* POTE.app */,
			);
			name = Products;
			sourceTree = "<group>";
		};
		14C812DE2DEBBCF300D36549 /* Frameworks */ = {
			isa = PBXGroup;
			children = (
				14C812DF2DEBBCF400D36549 /* CoreLocation.framework */,
			);
			name = Frameworks;
			sourceTree = "<group>";
		};
/* End PBXGroup section */

/* Begin PBXNativeTarget section */
		14C812442DEA3FC000D36549 /* POTE */ = {
			isa = PBXNativeTarget;
			buildConfigurationList = 14C812692DEA3FC200D36549 /* Build configuration list for PBXNativeTarget "POTE" */;
			buildPhases = (
				14C812412DEA3FC000D36549 /* Sources */,
				14C812422DEA3FC000D36549 /* Frameworks */,
				14C812432DEA3FC000D36549 /* Resources */,
				14C812822DEA465500D36549 /* ShellScript */,
			);
			buildRules = (
			);
			dependencies = (
			);
			fileSystemSynchronizedGroups = (
				14C812A32DEA499400D36549 /* POTE */,
			);
			name = POTE;
			packageProductDependencies = (
				14C812772DEA423E00D36549 /* FirebaseAnalytics */,
				14C812792DEA423E00D36549 /* FirebaseAuth */,
				14C8127B2DEA423E00D36549 /* FirebaseFirestore */,
				14C8127E2DEA426900D36549 /* MockReaderUI */,
				14C812802DEA426900D36549 /* SquareMobilePaymentsSDK */,
			);
			productName = POTE;
			productReference = 14C812452DEA3FC000D36549 /* POTE.app */;
			productType = "com.apple.product-type.application";
		};
/* End PBXNativeTarget section */

/* Begin PBXProject section */
		14C8123D2DEA3FC000D36549 /* Project object */ = {
			isa = PBXProject;
			attributes = {
				BuildIndependentTargetsInParallel = 1;
				LastSwiftUpdateCheck = 1620;
				LastUpgradeCheck = 1620;
				TargetAttributes = {
					14C812442DEA3FC000D36549 = {
						CreatedOnToolsVersion = 16.2;
					};
				};
			};
			buildConfigurationList = 14C812402DEA3FC000D36549 /* Build configuration list for PBXProject "POTE" */;
			developmentRegion = en;
			hasScannedForEncodings = 0;
			knownRegions = (
				en,
				Base,
			);
			mainGroup = 14C8123C2DEA3FC000D36549;
			minimizedProjectReferenceProxies = 1;
			packageReferences = (
				14C812762DEA423E00D36549 /* XCRemoteSwiftPackageReference "firebase-ios-sdk" */,
				14C8127D2DEA426900D36549 /* XCRemoteSwiftPackageReference "mobile-payments-sdk-ios" */,
			);
			preferredProjectObjectVersion = 77;
			productRefGroup = 14C812462DEA3FC000D36549 /* Products */;
			projectDirPath = "";
			projectRoot = "";
			targets = (
				14C812442DEA3FC000D36549 /* POTE */,
			);
		};
/* End PBXProject section */

/* Begin PBXResourcesBuildPhase section */
		14C812432DEA3FC000D36549 /* Resources */ = {
			isa = PBXResourcesBuildPhase;
			buildActionMask = 2147483647;
			files = (
			);
			runOnlyForDeploymentPostprocessing = 0;
		};
/* End PBXResourcesBuildPhase section */

/* Begin PBXShellScriptBuildPhase section */
		14C812822DEA465500D36549 /* ShellScript */ = {
			isa = PBXShellScriptBuildPhase;
			buildActionMask = 2147483647;
			files = (
			);
			inputFileListPaths = (
			);
			inputPaths = (
			);
			outputFileListPaths = (
			);
			outputPaths = (
			);
			runOnlyForDeploymentPostprocessing = 0;
			shellPath = /bin/sh;
			shellScript = "FRAMEWORKS=\"${BUILT_PRODUCTS_DIR}/${FRAMEWORKS_FOLDER_PATH}\"\necho \"FRAMEWORKS path: ${FRAMEWORKS}\"\nls -l \"${FRAMEWORKS}\"\nif [ ! -d \"${FRAMEWORKS}/SquareMobilePaymentsSDK.framework\" ]; then\n    echo \"Error: SquareMobilePaymentsSDK.framework not found\"\n    exit 1\nfi\nchmod +x \"${FRAMEWORKS}/SquareMobilePaymentsSDK.framework/setup\"\necho \"Executing setup script: ${FRAMEWORKS}/SquareMobilePaymentsSDK.framework/setup\"\n\"${FRAMEWORKS}/SquareMobilePaymentsSDK.framework/setup\"\n";
		};
/* End PBXShellScriptBuildPhase section */

/* Begin PBXSourcesBuildPhase section */
		14C812412DEA3FC000D36549 /* Sources */ = {
			isa = PBXSourcesBuildPhase;
			buildActionMask = 2147483647;
			files = (
			);
			runOnlyForDeploymentPostprocessing = 0;
		};
/* End PBXSourcesBuildPhase section */

/* Begin XCBuildConfiguration section */
		14C812672DEA3FC200D36549 /* Debug */ = {
			isa = XCBuildConfiguration;
			buildSettings = {
				ALWAYS_SEARCH_USER_PATHS = NO;
				ASSETCATALOG_COMPILER_GENERATE_SWIFT_ASSET_SYMBOL_EXTENSIONS = YES;
				CLANG_ANALYZER_NONNULL = YES;
				CLANG_ANALYZER_NUMBER_OBJECT_CONVERSION = YES_AGGRESSIVE;
				CLANG_CXX_LANGUAGE_STANDARD = "gnu++20";
				CLANG_ENABLE_MODULES = YES;
				CLANG_ENABLE_OBJC_ARC = YES;
				CLANG_ENABLE_OBJC_WEAK = YES;
				CLANG_WARN_BLOCK_CAPTURE_AUTORELEASING = YES;
				CLANG_WARN_BOOL_CONVERSION = YES;
				CLANG_WARN_COMMA = YES;
				CLANG_WARN_CONSTANT_CONVERSION = YES;
				CLANG_WARN_DEPRECATED_OBJC_IMPLEMENTATIONS = YES;
				CLANG_WARN_DIRECT_OBJC_ISA_USAGE = YES_ERROR;
				CLANG_WARN_DOCUMENTATION_COMMENTS = YES;
				CLANG_WARN_EMPTY_BODY = YES;
				CLANG_WARN_ENUM_CONVERSION = YES;
				CLANG_WARN_INFINITE_RECURSION = YES;
				CLANG_WARN_INT_CONVERSION = YES;
				CLANG_WARN_NON_LITERAL_NULL_CONVERSION = YES;
				CLANG_WARN_OBJC_IMPLICIT_RETAIN_SELF = YES;
				CLANG_WARN_OBJC_LITERAL_CONVERSION = YES;
				CLANG_WARN_OBJC_ROOT_CLASS = YES_ERROR;
				CLANG_WARN_QUOTED_INCLUDE_IN_FRAMEWORK_HEADER = YES;
				CLANG_WARN_RANGE_LOOP_ANALYSIS = YES;
				CLANG_WARN_STRICT_PROTOTYPES = YES;
				CLANG_WARN_SUSPICIOUS_MOVE = YES;
				CLANG_WARN_UNGUARDED_AVAILABILITY = YES_AGGRESSIVE;
				CLANG_WARN_UNREACHABLE_CODE = YES;
				CLANG_WARN__DUPLICATE_METHOD_MATCH = YES;
				COPY_PHASE_STRIP = NO;
				DEBUG_INFORMATION_FORMAT = dwarf;
				ENABLE_STRICT_OBJC_MSGSEND = YES;
				ENABLE_TESTABILITY = YES;
				ENABLE_USER_SCRIPT_SANDBOXING = YES;
				GCC_C_LANGUAGE_STANDARD = gnu17;
				GCC_DYNAMIC_NO_PIC = NO;
				GCC_NO_COMMON_BLOCKS = YES;
				GCC_OPTIMIZATION_LEVEL = 0;
				GCC_PREPROCESSOR_DEFINITIONS = (
					"DEBUG=1",
					"$(inherited)",
				);
				GCC_WARN_64_TO_32_BIT_CONVERSION = YES;
				GCC_WARN_ABOUT_RETURN_TYPE = YES_ERROR;
				GCC_WARN_UNDECLARED_SELECTOR = YES;
				GCC_WARN_UNINITIALIZED_AUTOS = YES_AGGRESSIVE;
				GCC_WARN_UNUSED_FUNCTION = YES;
				GCC_WARN_UNUSED_VARIABLE = YES;
				IPHONEOS_DEPLOYMENT_TARGET = 18.2;
				LOCALIZATION_PREFERS_STRING_CATALOGS = YES;
				MTL_ENABLE_DEBUG_INFO = INCLUDE_SOURCE;
				MTL_FAST_MATH = YES;
				ONLY_ACTIVE_ARCH = YES;
				SDKROOT = iphoneos;
				SWIFT_ACTIVE_COMPILATION_CONDITIONS = "DEBUG $(inherited)";
				SWIFT_OPTIMIZATION_LEVEL = "-Onone";
			};
			name = Debug;
		};
		14C812682DEA3FC200D36549 /* Release */ = {
			isa = XCBuildConfiguration;
			buildSettings = {
				ALWAYS_SEARCH_USER_PATHS = NO;
				ASSETCATALOG_COMPILER_GENERATE_SWIFT_ASSET_SYMBOL_EXTENSIONS = YES;
				CLANG_ANALYZER_NONNULL = YES;
				CLANG_ANALYZER_NUMBER_OBJECT_CONVERSION = YES_AGGRESSIVE;
				CLANG_CXX_LANGUAGE_STANDARD = "gnu++20";
				CLANG_ENABLE_MODULES = YES;
				CLANG_ENABLE_OBJC_ARC = YES;
				CLANG_ENABLE_OBJC_WEAK = YES;
				CLANG_WARN_BLOCK_CAPTURE_AUTORELEASING = YES;
				CLANG_WARN_BOOL_CONVERSION = YES;
				CLANG_WARN_COMMA = YES;
				CLANG_WARN_CONSTANT_CONVERSION = YES;
				CLANG_WARN_DEPRECATED_OBJC_IMPLEMENTATIONS = YES;
				CLANG_WARN_DIRECT_OBJC_ISA_USAGE = YES_ERROR;
				CLANG_WARN_DOCUMENTATION_COMMENTS = YES;
				CLANG_WARN_EMPTY_BODY = YES;
				CLANG_WARN_ENUM_CONVERSION = YES;
				CLANG_WARN_INFINITE_RECURSION = YES;
				CLANG_WARN_INT_CONVERSION = YES;
				CLANG_WARN_NON_LITERAL_NULL_CONVERSION = YES;
				CLANG_WARN_OBJC_IMPLICIT_RETAIN_SELF = YES;
				CLANG_WARN_OBJC_LITERAL_CONVERSION = YES;
				CLANG_WARN_OBJC_ROOT_CLASS = YES_ERROR;
				CLANG_WARN_QUOTED_INCLUDE_IN_FRAMEWORK_HEADER = YES;
				CLANG_WARN_RANGE_LOOP_ANALYSIS = YES;
				CLANG_WARN_STRICT_PROTOTYPES = YES;
				CLANG_WARN_SUSPICIOUS_MOVE = YES;
				CLANG_WARN_UNGUARDED_AVAILABILITY = YES_AGGRESSIVE;
				CLANG_WARN_UNREACHABLE_CODE = YES;
				CLANG_WARN__DUPLICATE_METHOD_MATCH = YES;
				COPY_PHASE_STRIP = NO;
				DEBUG_INFORMATION_FORMAT = "dwarf-with-dsym";
				ENABLE_NS_ASSERTIONS = NO;
				ENABLE_STRICT_OBJC_MSGSEND = YES;
				ENABLE_USER_SCRIPT_SANDBOXING = YES;
				GCC_C_LANGUAGE_STANDARD = gnu17;
				GCC_NO_COMMON_BLOCKS = YES;
				GCC_WARN_64_TO_32_BIT_CONVERSION = YES;
				GCC_WARN_ABOUT_RETURN_TYPE = YES_ERROR;
				GCC_WARN_UNDECLARED_SELECTOR = YES;
				GCC_WARN_UNINITIALIZED_AUTOS = YES_AGGRESSIVE;
				GCC_WARN_UNUSED_FUNCTION = YES;
				GCC_WARN_UNUSED_VARIABLE = YES;
				IPHONEOS_DEPLOYMENT_TARGET = 18.2;
				LOCALIZATION_PREFERS_STRING_CATALOGS = YES;
				MTL_ENABLE_DEBUG_INFO = NO;
				MTL_FAST_MATH = YES;
				SDKROOT = iphoneos;
				SWIFT_COMPILATION_MODE = wholemodule;
				VALIDATE_PRODUCT = YES;
			};
			name = Release;
		};
		14C8126A2DEA3FC200D36549 /* Debug */ = {
			isa = XCBuildConfiguration;
			baseConfigurationReferenceAnchor = 14C812A32DEA499400D36549 /* POTE */;
			baseConfigurationReferenceRelativePath = Config.xcconfig;
			buildSettings = {
				ASSETCATALOG_COMPILER_APPICON_NAME = AppIcon;
				ASSETCATALOG_COMPILER_GLOBAL_ACCENT_COLOR_NAME = AccentColor;
				CODE_SIGN_STYLE = Manual;
				CURRENT_PROJECT_VERSION = 1;
				DEVELOPMENT_ASSET_PATHS = "\"POTE/Preview Content\"";
				DEVELOPMENT_TEAM = "";
				ENABLE_PREVIEWS = YES;
				ENABLE_USER_SCRIPT_SANDBOXING = NO;
				GENERATE_INFOPLIST_FILE = YES;
				INFOPLIST_FILE = POTE/Info.plist;
				INFOPLIST_KEY_CFBundleDisplayName = POTE;
				INFOPLIST_KEY_UIApplicationSceneManifest_Generation = YES;
				INFOPLIST_KEY_UIApplicationSupportsIndirectInputEvents = YES;
				INFOPLIST_KEY_UILaunchScreen_Generation = YES;
				INFOPLIST_KEY_UISupportedInterfaceOrientations_iPad = "UIInterfaceOrientationPortrait UIInterfaceOrientationPortraitUpsideDown UIInterfaceOrientationLandscapeLeft UIInterfaceOrientationLandscapeRight";
				INFOPLIST_KEY_UISupportedInterfaceOrientations_iPhone = "UIInterfaceOrientationPortrait UIInterfaceOrientationLandscapeLeft UIInterfaceOrientationLandscapeRight";
				LD_RUNPATH_SEARCH_PATHS = (
					"$(inherited)",
					"@executable_path/Frameworks",
				);
				MARKETING_VERSION = 1.0;
				PRODUCT_BUNDLE_IDENTIFIER = com.kactuskwenchers.POTE;
				PRODUCT_NAME = "$(TARGET_NAME)";
				PROVISIONING_PROFILE_SPECIFIER = "";
				SWIFT_EMIT_LOC_STRINGS = YES;
				SWIFT_VERSION = 5.0;
				TARGETED_DEVICE_FAMILY = "1,2";
			};
			name = Debug;
		};
		14C8126B2DEA3FC200D36549 /* Release */ = {
			isa = XCBuildConfiguration;
			baseConfigurationReferenceAnchor = 14C812A32DEA499400D36549 /* POTE */;
			baseConfigurationReferenceRelativePath = Config.xcconfig;
			buildSettings = {
				ASSETCATALOG_COMPILER_APPICON_NAME = AppIcon;
				ASSETCATALOG_COMPILER_GLOBAL_ACCENT_COLOR_NAME = AccentColor;
				CODE_SIGN_STYLE = Manual;
				CURRENT_PROJECT_VERSION = 1;
				DEVELOPMENT_ASSET_PATHS = "\"POTE/Preview Content\"";
				DEVELOPMENT_TEAM = "";
				ENABLE_PREVIEWS = YES;
				ENABLE_USER_SCRIPT_SANDBOXING = NO;
				GENERATE_INFOPLIST_FILE = YES;
				INFOPLIST_FILE = POTE/Info.plist;
				INFOPLIST_KEY_CFBundleDisplayName = POTE;
				INFOPLIST_KEY_UIApplicationSceneManifest_Generation = YES;
				INFOPLIST_KEY_UIApplicationSupportsIndirectInputEvents = YES;
				INFOPLIST_KEY_UILaunchScreen_Generation = YES;
				INFOPLIST_KEY_UISupportedInterfaceOrientations_iPad = "UIInterfaceOrientationPortrait UIInterfaceOrientationPortraitUpsideDown UIInterfaceOrientationLandscapeLeft UIInterfaceOrientationLandscapeRight";
				INFOPLIST_KEY_UISupportedInterfaceOrientations_iPhone = "UIInterfaceOrientationPortrait UIInterfaceOrientationLandscapeLeft UIInterfaceOrientationLandscapeRight";
				LD_RUNPATH_SEARCH_PATHS = (
					"$(inherited)",
					"@executable_path/Frameworks",
				);
				MARKETING_VERSION = 1.0;
				PRODUCT_BUNDLE_IDENTIFIER = com.kactuskwenchers.POTE;
				PRODUCT_NAME = "$(TARGET_NAME)";
				PROVISIONING_PROFILE_SPECIFIER = "";
				SWIFT_EMIT_LOC_STRINGS = YES;
				SWIFT_VERSION = 5.0;
				TARGETED_DEVICE_FAMILY = "1,2";
			};
			name = Release;
		};
/* End XCBuildConfiguration section */

/* Begin XCConfigurationList section */
		14C812402DEA3FC000D36549 /* Build configuration list for PBXProject "POTE" */ = {
			isa = XCConfigurationList;
			buildConfigurations = (
				14C812672DEA3FC200D36549 /* Debug */,
				14C812682DEA3FC200D36549 /* Release */,
			);
			defaultConfigurationIsVisible = 0;
			defaultConfigurationName = Release;
		};
		14C812692DEA3FC200D36549 /* Build configuration list for PBXNativeTarget "POTE" */ = {
			isa = XCConfigurationList;
			buildConfigurations = (
				14C8126A2DEA3FC200D36549 /* Debug */,
				14C8126B2DEA3FC200D36549 /* Release */,
			);
			defaultConfigurationIsVisible = 0;
			defaultConfigurationName = Release;
		};
/* End XCConfigurationList section */

/* Begin XCRemoteSwiftPackageReference section */
		14C812762DEA423E00D36549 /* XCRemoteSwiftPackageReference "firebase-ios-sdk" */ = {
			isa = XCRemoteSwiftPackageReference;
			repositoryURL = "https://github.com/firebase/firebase-ios-sdk";
			requirement = {
				kind = upToNextMajorVersion;
				minimumVersion = 11.13.0;
			};
		};
		14C8127D2DEA426900D36549 /* XCRemoteSwiftPackageReference "mobile-payments-sdk-ios" */ = {
			isa = XCRemoteSwiftPackageReference;
			repositoryURL = "https://github.com/square/mobile-payments-sdk-ios";
			requirement = {
				kind = upToNextMajorVersion;
				minimumVersion = 2.2.3;
			};
		};
/* End XCRemoteSwiftPackageReference section */

/* Begin XCSwiftPackageProductDependency section */
		14C812772DEA423E00D36549 /* FirebaseAnalytics */ = {
			isa = XCSwiftPackageProductDependency;
			package = 14C812762DEA423E00D36549 /* XCRemoteSwiftPackageReference "firebase-ios-sdk" */;
			productName = FirebaseAnalytics;
		};
		14C812792DEA423E00D36549 /* FirebaseAuth */ = {
			isa = XCSwiftPackageProductDependency;
			package = 14C812762DEA423E00D36549 /* XCRemoteSwiftPackageReference "firebase-ios-sdk" */;
			productName = FirebaseAuth;
		};
		14C8127B2DEA423E00D36549 /* FirebaseFirestore */ = {
			isa = XCSwiftPackageProductDependency;
			package = 14C812762DEA423E00D36549 /* XCRemoteSwiftPackageReference "firebase-ios-sdk" */;
			productName = FirebaseFirestore;
		};
		14C8127E2DEA426900D36549 /* MockReaderUI */ = {
			isa = XCSwiftPackageProductDependency;
			package = 14C8127D2DEA426900D36549 /* XCRemoteSwiftPackageReference "mobile-payments-sdk-ios" */;
			productName = MockReaderUI;
		};
		14C812802DEA426900D36549 /* SquareMobilePaymentsSDK */ = {
			isa = XCSwiftPackageProductDependency;
			package = 14C8127D2DEA426900D36549 /* XCRemoteSwiftPackageReference "mobile-payments-sdk-ios" */;
			productName = SquareMobilePaymentsSDK;
		};
/* End XCSwiftPackageProductDependency section */
	};
	rootObject = 14C8123D2DEA3FC000D36549 /* Project object */;
}
